
Microsoft Visual Studio Solution File, Format Version 12.00
# Visual Studio Version 16
VisualStudioVersion = 16.0.29326.143
MinimumVisualStudioVersion = 10.0.40219.1
Project("{9A19103F-16F7-4668-BE54-9A1E7A4F7556}") = "Mocker.Web", "Mocker.Web\Mocker.Web.csproj", "{D701247C-E585-442A-A79B-AA317085AEBA}"
EndProject
Project("{FAE04EC0-301F-11D3-BF4B-00C04F79EFBC}") = "Mocker.Test", "Mocker.Test\Mocker.Test.csproj", "{D723B486-80EE-4406-B5B9-F94EAA355893}"
EndProject
Global
	GlobalSection(SolutionConfigurationPlatforms) = preSolution
		Debug|Any CPU = Debug|Any CPU
		Release|Any CPU = Release|Any CPU
	EndGlobalSection
	GlobalSection(ProjectConfigurationPlatforms) = postSolution
		{D701247C-E585-442A-A79B-AA317085AEBA}.Debug|Any CPU.ActiveCfg = Debug|Any CPU
		{D701247C-E585-442A-A79B-AA317085AEBA}.Debug|Any CPU.Build.0 = Debug|Any CPU
		{D701247C-E585-442A-A79B-AA317085AEBA}.Release|Any CPU.ActiveCfg = Release|Any CPU
		{D701247C-E585-442A-A79B-AA317085AEBA}.Release|Any CPU.Build.0 = Release|Any CPU
		{D723B486-80EE-4406-B5B9-F94EAA355893}.Debug|Any CPU.ActiveCfg = Debug|Any CPU
		{D723B486-80EE-4406-B5B9-F94EAA355893}.Debug|Any CPU.Build.0 = Debug|Any CPU
		{D723B486-80EE-4406-B5B9-F94EAA355893}.Release|Any CPU.ActiveCfg = Release|Any CPU
		{D723B486-80EE-4406-B5B9-F94EAA355893}.Release|Any CPU.Build.0 = Release|Any CPU
	EndGlobalSection
	GlobalSection(SolutionProperties) = preSolution
		HideSolutionNode = FALSE
	EndGlobalSection
	GlobalSection(ExtensibilityGlobals) = postSolution
		SolutionGuid = {36232073-2919-4189-ADC0-3CB2B0FC8DD4}
	EndGlobalSection
EndGlobal
